
Microsoft Visual Studio Solution File, Format Version 12.00
# Visual Studio 15
VisualStudioVersion = 15.0.27130.2010
MinimumVisualStudioVersion = 10.0.40219.1
Project("{FAE04EC0-301F-11D3-BF4B-00C04F79EFBC}") = "NegevZoo", "NegevZoo\NegevZoo.csproj", "{07A0246B-8ADD-4201-9455-05B83A4F4968}"
EndProject
Project("{FAE04EC0-301F-11D3-BF4B-00C04F79EFBC}") = "ZooTests", "ZooTests\ZooTests.csproj", "{F46B89EE-B94C-4CDD-ADF9-E0F99FF7E83B}"
	ProjectSection(ProjectDependencies) = postProject
		{457A9C23-6FB4-4344-A572-13D1656D21DE} = {457A9C23-6FB4-4344-A572-13D1656D21DE}
	EndProjectSection
EndProject
Project("{FAE04EC0-301F-11D3-BF4B-00C04F79EFBC}") = "Backend", "Backend\Backend.csproj", "{457A9C23-6FB4-4344-A572-13D1656D21DE}"
EndProject
Project("{FAE04EC0-301F-11D3-BF4B-00C04F79EFBC}") = "DAL", "DAL\DAL.csproj", "{E226B580-03BC-41EC-83F9-927145953D01}"
EndProject
Global
	GlobalSection(SolutionConfigurationPlatforms) = preSolution
		Debug|Any CPU = Debug|Any CPU
		Release|Any CPU = Release|Any CPU
	EndGlobalSection
	GlobalSection(ProjectConfigurationPlatforms) = postSolution
		{07A0246B-8ADD-4201-9455-05B83A4F4968}.Debug|Any CPU.ActiveCfg = Debug|Any CPU
		{07A0246B-8ADD-4201-9455-05B83A4F4968}.Debug|Any CPU.Build.0 = Debug|Any CPU
		{07A0246B-8ADD-4201-9455-05B83A4F4968}.Release|Any CPU.ActiveCfg = Release|Any CPU
		{07A0246B-8ADD-4201-9455-05B83A4F4968}.Release|Any CPU.Build.0 = Release|Any CPU
		{F46B89EE-B94C-4CDD-ADF9-E0F99FF7E83B}.Debug|Any CPU.ActiveCfg = Debug|Any CPU
		{F46B89EE-B94C-4CDD-ADF9-E0F99FF7E83B}.Debug|Any CPU.Build.0 = Debug|Any CPU
		{F46B89EE-B94C-4CDD-ADF9-E0F99FF7E83B}.Release|Any CPU.ActiveCfg = Release|Any CPU
		{F46B89EE-B94C-4CDD-ADF9-E0F99FF7E83B}.Release|Any CPU.Build.0 = Release|Any CPU
		{457A9C23-6FB4-4344-A572-13D1656D21DE}.Debug|Any CPU.ActiveCfg = Debug|Any CPU
		{457A9C23-6FB4-4344-A572-13D1656D21DE}.Debug|Any CPU.Build.0 = Debug|Any CPU
		{457A9C23-6FB4-4344-A572-13D1656D21DE}.Release|Any CPU.ActiveCfg = Release|Any CPU
		{457A9C23-6FB4-4344-A572-13D1656D21DE}.Release|Any CPU.Build.0 = Release|Any CPU
		{E226B580-03BC-41EC-83F9-927145953D01}.Debug|Any CPU.ActiveCfg = Debug|Any CPU
		{E226B580-03BC-41EC-83F9-927145953D01}.Debug|Any CPU.Build.0 = Debug|Any CPU
		{E226B580-03BC-41EC-83F9-927145953D01}.Release|Any CPU.ActiveCfg = Release|Any CPU
		{E226B580-03BC-41EC-83F9-927145953D01}.Release|Any CPU.Build.0 = Release|Any CPU
	EndGlobalSection
	GlobalSection(SolutionProperties) = preSolution
		HideSolutionNode = FALSE
	EndGlobalSection
	GlobalSection(ExtensibilityGlobals) = postSolution
		SolutionGuid = {261B0761-CA62-4AF7-9155-98F58B764786}
	EndGlobalSection
EndGlobal
